
Microsoft Visual Studio Solution File, Format Version 12.00
# Visual Studio 15
VisualStudioVersion = 15.0.26730.16
MinimumVisualStudioVersion = 10.0.40219.1
Project("{FAE04EC0-301F-11D3-BF4B-00C04F79EFBC}") = "ClassLibrary", "ClassLibrary\ClassLibrary.csproj", "{DE015464-8D63-4F35-A07D-67816A1B4D8C}"
EndProject
Project("{FAE04EC0-301F-11D3-BF4B-00C04F79EFBC}") = "6.39", "6.39\6.39.csproj", "{DEA076C5-1887-4F7D-9526-A2FFB2D7E34C}"
EndProject
Project("{FAE04EC0-301F-11D3-BF4B-00C04F79EFBC}") = "7.8", "7.8\7.8.csproj", "{81972005-1AC6-4A1D-9F79-1BDB72A681BA}"
EndProject
Project("{FAE04EC0-301F-11D3-BF4B-00C04F79EFBC}") = "7.39", "7.39\7.39.csproj", "{F1B74E29-A766-462D-B9A8-7D62F4DCCC2A}"
EndProject
Project("{FAE04EC0-301F-11D3-BF4B-00C04F79EFBC}") = "8.8", "8.8\8.8.csproj", "{8B94210F-A3DB-4435-985C-CBF83B0D58BA}"
EndProject
Global
	GlobalSection(SolutionConfigurationPlatforms) = preSolution
		Debug|Any CPU = Debug|Any CPU
		Release|Any CPU = Release|Any CPU
	EndGlobalSection
	GlobalSection(ProjectConfigurationPlatforms) = postSolution
		{DE015464-8D63-4F35-A07D-67816A1B4D8C}.Debug|Any CPU.ActiveCfg = Debug|Any CPU
		{DE015464-8D63-4F35-A07D-67816A1B4D8C}.Debug|Any CPU.Build.0 = Debug|Any CPU
		{DE015464-8D63-4F35-A07D-67816A1B4D8C}.Release|Any CPU.ActiveCfg = Release|Any CPU
		{DE015464-8D63-4F35-A07D-67816A1B4D8C}.Release|Any CPU.Build.0 = Release|Any CPU
		{DEA076C5-1887-4F7D-9526-A2FFB2D7E34C}.Debug|Any CPU.ActiveCfg = Debug|Any CPU
		{DEA076C5-1887-4F7D-9526-A2FFB2D7E34C}.Debug|Any CPU.Build.0 = Debug|Any CPU
		{DEA076C5-1887-4F7D-9526-A2FFB2D7E34C}.Release|Any CPU.ActiveCfg = Release|Any CPU
		{DEA076C5-1887-4F7D-9526-A2FFB2D7E34C}.Release|Any CPU.Build.0 = Release|Any CPU
		{81972005-1AC6-4A1D-9F79-1BDB72A681BA}.Debug|Any CPU.ActiveCfg = Debug|Any CPU
		{81972005-1AC6-4A1D-9F79-1BDB72A681BA}.Debug|Any CPU.Build.0 = Debug|Any CPU
		{81972005-1AC6-4A1D-9F79-1BDB72A681BA}.Release|Any CPU.ActiveCfg = Release|Any CPU
		{81972005-1AC6-4A1D-9F79-1BDB72A681BA}.Release|Any CPU.Build.0 = Release|Any CPU
		{F1B74E29-A766-462D-B9A8-7D62F4DCCC2A}.Debug|Any CPU.ActiveCfg = Debug|Any CPU
		{F1B74E29-A766-462D-B9A8-7D62F4DCCC2A}.Debug|Any CPU.Build.0 = Debug|Any CPU
		{F1B74E29-A766-462D-B9A8-7D62F4DCCC2A}.Release|Any CPU.ActiveCfg = Release|Any CPU
		{F1B74E29-A766-462D-B9A8-7D62F4DCCC2A}.Release|Any CPU.Build.0 = Release|Any CPU
		{8B94210F-A3DB-4435-985C-CBF83B0D58BA}.Debug|Any CPU.ActiveCfg = Debug|Any CPU
		{8B94210F-A3DB-4435-985C-CBF83B0D58BA}.Debug|Any CPU.Build.0 = Debug|Any CPU
		{8B94210F-A3DB-4435-985C-CBF83B0D58BA}.Release|Any CPU.ActiveCfg = Release|Any CPU
		{8B94210F-A3DB-4435-985C-CBF83B0D58BA}.Release|Any CPU.Build.0 = Release|Any CPU
	EndGlobalSection
	GlobalSection(SolutionProperties) = preSolution
		HideSolutionNode = FALSE
	EndGlobalSection
	GlobalSection(ExtensibilityGlobals) = postSolution
		SolutionGuid = {CC0AC396-CA95-48BD-B771-D313C50AE2CF}
	EndGlobalSection
EndGlobal
